// !$*UTF8*$!
{
	archiveVersion = 1;
	classes = {
	};
	objectVersion = 55;
	objects = {

/* Begin PBXBuildFile section */
		04CCE0A727F46E0E00C5F371 /* AppDelegate.swift in Sources */ = {isa = PBXBuildFile; fileRef = 04CCE0A627F46E0E00C5F371 /* AppDelegate.swift */; };
		04CCE0A927F46E0E00C5F371 /* SceneDelegate.swift in Sources */ = {isa = PBXBuildFile; fileRef = 04CCE0A827F46E0E00C5F371 /* SceneDelegate.swift */; };
		04CCE0AB27F46E0E00C5F371 /* ViewController.swift in Sources */ = {isa = PBXBuildFile; fileRef = 04CCE0AA27F46E0E00C5F371 /* ViewController.swift */; };
		04CCE0AE27F46E0E00C5F371 /* Main.storyboard in Resources */ = {isa = PBXBuildFile; fileRef = 04CCE0AC27F46E0E00C5F371 /* Main.storyboard */; };
		04CCE0B027F46E0F00C5F371 /* Assets.xcassets in Resources */ = {isa = PBXBuildFile; fileRef = 04CCE0AF27F46E0F00C5F371 /* Assets.xcassets */; };
		04CCE0B327F46E0F00C5F371 /* LaunchScreen.storyboard in Resources */ = {isa = PBXBuildFile; fileRef = 04CCE0B127F46E0F00C5F371 /* LaunchScreen.storyboard */; };
		04CCE0BE27F46E1000C5F371 /* Cars_kzTests.swift in Sources */ = {isa = PBXBuildFile; fileRef = 04CCE0BD27F46E1000C5F371 /* Cars_kzTests.swift */; };
		04CCE0C827F46E1000C5F371 /* Cars_kzUITests.swift in Sources */ = {isa = PBXBuildFile; fileRef = 04CCE0C727F46E1000C5F371 /* Cars_kzUITests.swift */; };
		04CCE0CA27F46E1000C5F371 /* Cars_kzUITestsLaunchTests.swift in Sources */ = {isa = PBXBuildFile; fileRef = 04CCE0C927F46E1000C5F371 /* Cars_kzUITestsLaunchTests.swift */; };
		04CCE0D827F4812C00C5F371 /* CarCollectionViewCell.swift in Sources */ = {isa = PBXBuildFile; fileRef = 04CCE0D727F4812C00C5F371 /* CarCollectionViewCell.swift */; };
/* End PBXBuildFile section */

/* Begin PBXContainerItemProxy section */
		04CCE0BA27F46E1000C5F371 /* PBXContainerItemProxy */ = {
			isa = PBXContainerItemProxy;
			containerPortal = 04CCE09B27F46E0E00C5F371 /* Project object */;
			proxyType = 1;
			remoteGlobalIDString = 04CCE0A227F46E0E00C5F371;
			remoteInfo = "Cars kz";
		};
		04CCE0C427F46E1000C5F371 /* PBXContainerItemProxy */ = {
			isa = PBXContainerItemProxy;
			containerPortal = 04CCE09B27F46E0E00C5F371 /* Project object */;
			proxyType = 1;
			remoteGlobalIDString = 04CCE0A227F46E0E00C5F371;
			remoteInfo = "Cars kz";
		};
/* End PBXContainerItemProxy section */

/* Begin PBXFileReference section */
		04CCE0A327F46E0E00C5F371 /* Cars kz.app */ = {isa = PBXFileReference; explicitFileType = wrapper.application; includeInIndex = 0; path = "Cars kz.app"; sourceTree = BUILT_PRODUCTS_DIR; };
		04CCE0A627F46E0E00C5F371 /* AppDelegate.swift */ = {isa = PBXFileReference; lastKnownFileType = sourcecode.swift; path = AppDelegate.swift; sourceTree = "<group>"; };
		04CCE0A827F46E0E00C5F371 /* SceneDelegate.swift */ = {isa = PBXFileReference; lastKnownFileType = sourcecode.swift; path = SceneDelegate.swift; sourceTree = "<group>"; };
		04CCE0AA27F46E0E00C5F371 /* ViewController.swift */ = {isa = PBXFileReference; lastKnownFileType = sourcecode.swift; path = ViewController.swift; sourceTree = "<group>"; };
		04CCE0AD27F46E0E00C5F371 /* Base */ = {isa = PBXFileReference; lastKnownFileType = file.storyboard; name = Base; path = Base.lproj/Main.storyboard; sourceTree = "<group>"; };
		04CCE0AF27F46E0F00C5F371 /* Assets.xcassets */ = {isa = PBXFileReference; lastKnownFileType = folder.assetcatalog; path = Assets.xcassets; sourceTree = "<group>"; };
		04CCE0B227F46E0F00C5F371 /* Base */ = {isa = PBXFileReference; lastKnownFileType = file.storyboard; name = Base; path = Base.lproj/LaunchScreen.storyboard; sourceTree = "<group>"; };
		04CCE0B427F46E0F00C5F371 /* Info.plist */ = {isa = PBXFileReference; lastKnownFileType = text.plist.xml; path = Info.plist; sourceTree = "<group>"; };
		04CCE0B927F46E1000C5F371 /* Cars kzTests.xctest */ = {isa = PBXFileReference; explicitFileType = wrapper.cfbundle; includeInIndex = 0; path = "Cars kzTests.xctest"; sourceTree = BUILT_PRODUCTS_DIR; };
		04CCE0BD27F46E1000C5F371 /* Cars_kzTests.swift */ = {isa = PBXFileReference; lastKnownFileType = sourcecode.swift; path = Cars_kzTests.swift; sourceTree = "<group>"; };
		04CCE0C327F46E1000C5F371 /* Cars kzUITests.xctest */ = {isa = PBXFileReference; explicitFileType = wrapper.cfbundle; includeInIndex = 0; path = "Cars kzUITests.xctest"; sourceTree = BUILT_PRODUCTS_DIR; };
		04CCE0C727F46E1000C5F371 /* Cars_kzUITests.swift */ = {isa = PBXFileReference; lastKnownFileType = sourcecode.swift; path = Cars_kzUITests.swift; sourceTree = "<group>"; };
		04CCE0C927F46E1000C5F371 /* Cars_kzUITestsLaunchTests.swift */ = {isa = PBXFileReference; lastKnownFileType = sourcecode.swift; path = Cars_kzUITestsLaunchTests.swift; sourceTree = "<group>"; };
		04CCE0D727F4812C00C5F371 /* CarCollectionViewCell.swift */ = {isa = PBXFileReference; lastKnownFileType = sourcecode.swift; path = CarCollectionViewCell.swift; sourceTree = "<group>"; };
/* End PBXFileReference section */

/* Begin PBXFrameworksBuildPhase section */
		04CCE0A027F46E0E00C5F371 /* Frameworks */ = {
			isa = PBXFrameworksBuildPhase;
			buildActionMask = 2147483647;
			files = (
			);
			runOnlyForDeploymentPostprocessing = 0;
		};
		04CCE0B627F46E1000C5F371 /* Frameworks */ = {
			isa = PBXFrameworksBuildPhase;
			buildActionMask = 2147483647;
			files = (
			);
			runOnlyForDeploymentPostprocessing = 0;
		};
		04CCE0C027F46E1000C5F371 /* Frameworks */ = {
			isa = PBXFrameworksBuildPhase;
			buildActionMask = 2147483647;
			files = (
			);
			runOnlyForDeploymentPostprocessing = 0;
		};
/* End PBXFrameworksBuildPhase section */

/* Begin PBXGroup section */
		04CCE09A27F46E0E00C5F371 = {
			isa = PBXGroup;
			children = (
				04CCE0A527F46E0E00C5F371 /* Cars kz */,
				04CCE0BC27F46E1000C5F371 /* Cars kzTests */,
				04CCE0C627F46E1000C5F371 /* Cars kzUITests */,
				04CCE0A427F46E0E00C5F371 /* Products */,
			);
			sourceTree = "<group>";
		};
		04CCE0A427F46E0E00C5F371 /* Products */ = {
			isa = PBXGroup;
			children = (
				04CCE0A327F46E0E00C5F371 /* Cars kz.app */,
				04CCE0B927F46E1000C5F371 /* Cars kzTests.xctest */,
				04CCE0C327F46E1000C5F371 /* Cars kzUITests.xctest */,
			);
			name = Products;
			sourceTree = "<group>";
		};
		04CCE0A527F46E0E00C5F371 /* Cars kz */ = {
			isa = PBXGroup;
			children = (
				04CCE0A627F46E0E00C5F371 /* AppDelegate.swift */,
				04CCE0A827F46E0E00C5F371 /* SceneDelegate.swift */,
				04CCE0AA27F46E0E00C5F371 /* ViewController.swift */,
				04CCE0AC27F46E0E00C5F371 /* Main.storyboard */,
				04CCE0AF27F46E0F00C5F371 /* Assets.xcassets */,
				04CCE0B127F46E0F00C5F371 /* LaunchScreen.storyboard */,
				04CCE0B427F46E0F00C5F371 /* Info.plist */,
				04CCE0D727F4812C00C5F371 /* CarCollectionViewCell.swift */,
			);
			path = "Cars kz";
			sourceTree = "<group>";
		};
		04CCE0BC27F46E1000C5F371 /* Cars kzTests */ = {
			isa = PBXGroup;
			children = (
				04CCE0BD27F46E1000C5F371 /* Cars_kzTests.swift */,
			);
			path = "Cars kzTests";
			sourceTree = "<group>";
		};
		04CCE0C627F46E1000C5F371 /* Cars kzUITests */ = {
			isa = PBXGroup;
			children = (
				04CCE0C727F46E1000C5F371 /* Cars_kzUITests.swift */,
				04CCE0C927F46E1000C5F371 /* Cars_kzUITestsLaunchTests.swift */,
			);
			path = "Cars kzUITests";
			sourceTree = "<group>";
		};
/* End PBXGroup section */

/* Begin PBXNativeTarget section */
		04CCE0A227F46E0E00C5F371 /* Cars kz */ = {
			isa = PBXNativeTarget;
			buildConfigurationList = 04CCE0CD27F46E1000C5F371 /* Build configuration list for PBXNativeTarget "Cars kz" */;
			buildPhases = (
				04CCE09F27F46E0E00C5F371 /* Sources */,
				04CCE0A027F46E0E00C5F371 /* Frameworks */,
				04CCE0A127F46E0E00C5F371 /* Resources */,
			);
			buildRules = (
			);
			dependencies = (
			);
			name = "Cars kz";
			productName = "Cars kz";
			productReference = 04CCE0A327F46E0E00C5F371 /* Cars kz.app */;
			productType = "com.apple.product-type.application";
		};
		04CCE0B827F46E1000C5F371 /* Cars kzTests */ = {
			isa = PBXNativeTarget;
			buildConfigurationList = 04CCE0D027F46E1000C5F371 /* Build configuration list for PBXNativeTarget "Cars kzTests" */;
			buildPhases = (
				04CCE0B527F46E1000C5F371 /* Sources */,
				04CCE0B627F46E1000C5F371 /* Frameworks */,
				04CCE0B727F46E1000C5F371 /* Resources */,
			);
			buildRules = (
			);
			dependencies = (
				04CCE0BB27F46E1000C5F371 /* PBXTargetDependency */,
			);
			name = "Cars kzTests";
			productName = "Cars kzTests";
			productReference = 04CCE0B927F46E1000C5F371 /* Cars kzTests.xctest */;
			productType = "com.apple.product-type.bundle.unit-test";
		};
		04CCE0C227F46E1000C5F371 /* Cars kzUITests */ = {
			isa = PBXNativeTarget;
			buildConfigurationList = 04CCE0D327F46E1000C5F371 /* Build configuration list for PBXNativeTarget "Cars kzUITests" */;
			buildPhases = (
				04CCE0BF27F46E1000C5F371 /* Sources */,
				04CCE0C027F46E1000C5F371 /* Frameworks */,
				04CCE0C127F46E1000C5F371 /* Resources */,
			);
			buildRules = (
			);
			dependencies = (
				04CCE0C527F46E1000C5F371 /* PBXTargetDependency */,
			);
			name = "Cars kzUITests";
			productName = "Cars kzUITests";
			productReference = 04CCE0C327F46E1000C5F371 /* Cars kzUITests.xctest */;
			productType = "com.apple.product-type.bundle.ui-testing";
		};
/* End PBXNativeTarget section */

/* Begin PBXProject section */
		04CCE09B27F46E0E00C5F371 /* Project object */ = {
			isa = PBXProject;
			attributes = {
				BuildIndependentTargetsInParallel = 1;
				LastSwiftUpdateCheck = 1320;
				LastUpgradeCheck = 1320;
				TargetAttributes = {
					04CCE0A227F46E0E00C5F371 = {
						CreatedOnToolsVersion = 13.2.1;
					};
					04CCE0B827F46E1000C5F371 = {
						CreatedOnToolsVersion = 13.2.1;
						TestTargetID = 04CCE0A227F46E0E00C5F371;
					};
					04CCE0C227F46E1000C5F371 = {
						CreatedOnToolsVersion = 13.2.1;
						TestTargetID = 04CCE0A227F46E0E00C5F371;
					};
				};
			};
			buildConfigurationList = 04CCE09E27F46E0E00C5F371 /* Build configuration list for PBXProject "Cars kz" */;
			compatibilityVersion = "Xcode 13.0";
			developmentRegion = en;
			hasScannedForEncodings = 0;
			knownRegions = (
				en,
				Base,
			);
			mainGroup = 04CCE09A27F46E0E00C5F371;
			productRefGroup = 04CCE0A427F46E0E00C5F371 /* Products */;
			projectDirPath = "";
			projectRoot = "";
			targets = (
				04CCE0A227F46E0E00C5F371 /* Cars kz */,
				04CCE0B827F46E1000C5F371 /* Cars kzTests */,
				04CCE0C227F46E1000C5F371 /* Cars kzUITests */,
			);
		};
/* End PBXProject section */

/* Begin PBXResourcesBuildPhase section */
		04CCE0A127F46E0E00C5F371 /* Resources */ = {
			isa = PBXResourcesBuildPhase;
			buildActionMask = 2147483647;
			files = (
				04CCE0B327F46E0F00C5F371 /* LaunchScreen.storyboard in Resources */,
				04CCE0B027F46E0F00C5F371 /* Assets.xcassets in Resources */,
				04CCE0AE27F46E0E00C5F371 /* Main.storyboard in Resources */,
			);
			runOnlyForDeploymentPostprocessing = 0;
		};
		04CCE0B727F46E1000C5F371 /* Resources */ = {
			isa = PBXResourcesBuildPhase;
			buildActionMask = 2147483647;
			files = (
			);
			runOnlyForDeploymentPostprocessing = 0;
		};
		04CCE0C127F46E1000C5F371 /* Resources */ = {
			isa = PBXResourcesBuildPhase;
			buildActionMask = 2147483647;
			files = (
			);
			runOnlyForDeploymentPostprocessing = 0;
		};
/* End PBXResourcesBuildPhase section */

/* Begin PBXSourcesBuildPhase section */
		04CCE09F27F46E0E00C5F371 /* Sources */ = {
			isa = PBXSourcesBuildPhase;
			buildActionMask = 2147483647;
			files = (
				04CCE0AB27F46E0E00C5F371 /* ViewController.swift in Sources */,
				04CCE0A727F46E0E00C5F371 /* AppDelegate.swift in Sources */,
				04CCE0A927F46E0E00C5F371 /* SceneDelegate.swift in Sources */,
				04CCE0D827F4812C00C5F371 /* CarCollectionViewCell.swift in Sources */,
			);
			runOnlyForDeploymentPostprocessing = 0;
		};
		04CCE0B527F46E1000C5F371 /* Sources */ = {
			isa = PBXSourcesBuildPhase;
			buildActionMask = 2147483647;
			files = (
				04CCE0BE27F46E1000C5F371 /* Cars_kzTests.swift in Sources */,
			);
			runOnlyForDeploymentPostprocessing = 0;
		};
		04CCE0BF27F46E1000C5F371 /* Sources */ = {
			isa = PBXSourcesBuildPhase;
			buildActionMask = 2147483647;
			files = (
				04CCE0CA27F46E1000C5F371 /* Cars_kzUITestsLaunchTests.swift in Sources */,
				04CCE0C827F46E1000C5F371 /* Cars_kzUITests.swift in Sources */,
			);
			runOnlyForDeploymentPostprocessing = 0;
		};
/* End PBXSourcesBuildPhase section */

/* Begin PBXTargetDependency section */
		04CCE0BB27F46E1000C5F371 /* PBXTargetDependency */ = {
			isa = PBXTargetDependency;
			target = 04CCE0A227F46E0E00C5F371 /* Cars kz */;
			targetProxy = 04CCE0BA27F46E1000C5F371 /* PBXContainerItemProxy */;
		};
		04CCE0C527F46E1000C5F371 /* PBXTargetDependency */ = {
			isa = PBXTargetDependency;
			target = 04CCE0A227F46E0E00C5F371 /* Cars kz */;
			targetProxy = 04CCE0C427F46E1000C5F371 /* PBXContainerItemProxy */;
		};
/* End PBXTargetDependency section */

/* Begin PBXVariantGroup section */
		04CCE0AC27F46E0E00C5F371 /* Main.storyboard */ = {
			isa = PBXVariantGroup;
			children = (
				04CCE0AD27F46E0E00C5F371 /* Base */,
			);
			name = Main.storyboard;
			sourceTree = "<group>";
		};
		04CCE0B127F46E0F00C5F371 /* LaunchScreen.storyboard */ = {
			isa = PBXVariantGroup;
			children = (
				04CCE0B227F46E0F00C5F371 /* Base */,
			);
			name = LaunchScreen.storyboard;
			sourceTree = "<group>";
		};
/* End PBXVariantGroup section */

/* Begin XCBuildConfiguration section */
		04CCE0CB27F46E1000C5F371 /* Debug */ = {
			isa = XCBuildConfiguration;
			buildSettings = {
				ALWAYS_SEARCH_USER_PATHS = NO;
				CLANG_ANALYZER_NONNULL = YES;
				CLANG_ANALYZER_NUMBER_OBJECT_CONVERSION = YES_AGGRESSIVE;
				CLANG_CXX_LANGUAGE_STANDARD = "gnu++17";
				CLANG_CXX_LIBRARY = "libc++";
				CLANG_ENABLE_MODULES = YES;
				CLANG_ENABLE_OBJC_ARC = YES;
				CLANG_ENABLE_OBJC_WEAK = YES;
				CLANG_WARN_BLOCK_CAPTURE_AUTORELEASING = YES;
				CLANG_WARN_BOOL_CONVERSION = YES;
				CLANG_WARN_COMMA = YES;
				CLANG_WARN_CONSTANT_CONVERSION = YES;
				CLANG_WARN_DEPRECATED_OBJC_IMPLEMENTATIONS = YES;
				CLANG_WARN_DIRECT_OBJC_ISA_USAGE = YES_ERROR;
				CLANG_WARN_DOCUMENTATION_COMMENTS = YES;
				CLANG_WARN_EMPTY_BODY = YES;
				CLANG_WARN_ENUM_CONVERSION = YES;
				CLANG_WARN_INFINITE_RECURSION = YES;
				CLANG_WARN_INT_CONVERSION = YES;
				CLANG_WARN_NON_LITERAL_NULL_CONVERSION = YES;
				CLANG_WARN_OBJC_IMPLICIT_RETAIN_SELF = YES;
				CLANG_WARN_OBJC_LITERAL_CONVERSION = YES;
				CLANG_WARN_OBJC_ROOT_CLASS = YES_ERROR;
				CLANG_WARN_QUOTED_INCLUDE_IN_FRAMEWORK_HEADER = YES;
				CLANG_WARN_RANGE_LOOP_ANALYSIS = YES;
				CLANG_WARN_STRICT_PROTOTYPES = YES;
				CLANG_WARN_SUSPICIOUS_MOVE = YES;
				CLANG_WARN_UNGUARDED_AVAILABILITY = YES_AGGRESSIVE;
				CLANG_WARN_UNREACHABLE_CODE = YES;
				CLANG_WARN__DUPLICATE_METHOD_MATCH = YES;
				COPY_PHASE_STRIP = NO;
				DEBUG_INFORMATION_FORMAT = dwarf;
				ENABLE_STRICT_OBJC_MSGSEND = YES;
				ENABLE_TESTABILITY = YES;
				GCC_C_LANGUAGE_STANDARD = gnu11;
				GCC_DYNAMIC_NO_PIC = NO;
				GCC_NO_COMMON_BLOCKS = YES;
				GCC_OPTIMIZATION_LEVEL = 0;
				GCC_PREPROCESSOR_DEFINITIONS = (
					"DEBUG=1",
					"$(inherited)",
				);
				GCC_WARN_64_TO_32_BIT_CONVERSION = YES;
				GCC_WARN_ABOUT_RETURN_TYPE = YES_ERROR;
				GCC_WARN_UNDECLARED_SELECTOR = YES;
				GCC_WARN_UNINITIALIZED_AUTOS = YES_AGGRESSIVE;
				GCC_WARN_UNUSED_FUNCTION = YES;
				GCC_WARN_UNUSED_VARIABLE = YES;
				IPHONEOS_DEPLOYMENT_TARGET = 15.2;
				MTL_ENABLE_DEBUG_INFO = INCLUDE_SOURCE;
				MTL_FAST_MATH = YES;
				ONLY_ACTIVE_ARCH = YES;
				SDKROOT = iphoneos;
				SWIFT_ACTIVE_COMPILATION_CONDITIONS = DEBUG;
				SWIFT_OPTIMIZATION_LEVEL = "-Onone";
			};
			name = Debug;
		};
		04CCE0CC27F46E1000C5F371 /* Release */ = {
			isa = XCBuildConfiguration;
			buildSettings = {
				ALWAYS_SEARCH_USER_PATHS = NO;
				CLANG_ANALYZER_NONNULL = YES;
				CLANG_ANALYZER_NUMBER_OBJECT_CONVERSION = YES_AGGRESSIVE;
				CLANG_CXX_LANGUAGE_STANDARD = "gnu++17";
				CLANG_CXX_LIBRARY = "libc++";
				CLANG_ENABLE_MODULES = YES;
				CLANG_ENABLE_OBJC_ARC = YES;
				CLANG_ENABLE_OBJC_WEAK = YES;
				CLANG_WARN_BLOCK_CAPTURE_AUTORELEASING = YES;
				CLANG_WARN_BOOL_CONVERSION = YES;
				CLANG_WARN_COMMA = YES;
				CLANG_WARN_CONSTANT_CONVERSION = YES;
				CLANG_WARN_DEPRECATED_OBJC_IMPLEMENTATIONS = YES;
				CLANG_WARN_DIRECT_OBJC_ISA_USAGE = YES_ERROR;
				CLANG_WARN_DOCUMENTATION_COMMENTS = YES;
				CLANG_WARN_EMPTY_BODY = YES;
				CLANG_WARN_ENUM_CONVERSION = YES;
				CLANG_WARN_INFINITE_RECURSION = YES;
				CLANG_WARN_INT_CONVERSION = YES;
				CLANG_WARN_NON_LITERAL_NULL_CONVERSION = YES;
				CLANG_WARN_OBJC_IMPLICIT_RETAIN_SELF = YES;
				CLANG_WARN_OBJC_LITERAL_CONVERSION = YES;
				CLANG_WARN_OBJC_ROOT_CLASS = YES_ERROR;
				CLANG_WARN_QUOTED_INCLUDE_IN_FRAMEWORK_HEADER = YES;
				CLANG_WARN_RANGE_LOOP_ANALYSIS = YES;
				CLANG_WARN_STRICT_PROTOTYPES = YES;
				CLANG_WARN_SUSPICIOUS_MOVE = YES;
				CLANG_WARN_UNGUARDED_AVAILABILITY = YES_AGGRESSIVE;
				CLANG_WARN_UNREACHABLE_CODE = YES;
				CLANG_WARN__DUPLICATE_METHOD_MATCH = YES;
				COPY_PHASE_STRIP = NO;
				DEBUG_INFORMATION_FORMAT = "dwarf-with-dsym";
				ENABLE_NS_ASSERTIONS = NO;
				ENABLE_STRICT_OBJC_MSGSEND = YES;
				GCC_C_LANGUAGE_STANDARD = gnu11;
				GCC_NO_COMMON_BLOCKS = YES;
				GCC_WARN_64_TO_32_BIT_CONVERSION = YES;
				GCC_WARN_ABOUT_RETURN_TYPE = YES_ERROR;
				GCC_WARN_UNDECLARED_SELECTOR = YES;
				GCC_WARN_UNINITIALIZED_AUTOS = YES_AGGRESSIVE;
				GCC_WARN_UNUSED_FUNCTION = YES;
				GCC_WARN_UNUSED_VARIABLE = YES;
				IPHONEOS_DEPLOYMENT_TARGET = 15.2;
				MTL_ENABLE_DEBUG_INFO = NO;
				MTL_FAST_MATH = YES;
				SDKROOT = iphoneos;
				SWIFT_COMPILATION_MODE = wholemodule;
				SWIFT_OPTIMIZATION_LEVEL = "-O";
				VALIDATE_PRODUCT = YES;
			};
			name = Release;
		};
		04CCE0CE27F46E1000C5F371 /* Debug */ = {
			isa = XCBuildConfiguration;
			buildSettings = {
				ASSETCATALOG_COMPILER_APPICON_NAME = AppIcon;
				ASSETCATALOG_COMPILER_GLOBAL_ACCENT_COLOR_NAME = AccentColor;
				CODE_SIGN_STYLE = Automatic;
				CURRENT_PROJECT_VERSION = 1;
				DEVELOPMENT_TEAM = L4RH59R8VF;
				GENERATE_INFOPLIST_FILE = YES;
				INFOPLIST_FILE = "Cars kz/Info.plist";
				INFOPLIST_KEY_CFBundleDisplayName = CARS;
				INFOPLIST_KEY_UIApplicationSupportsIndirectInputEvents = YES;
				INFOPLIST_KEY_UILaunchStoryboardName = LaunchScreen;
				INFOPLIST_KEY_UIMainStoryboardFile = Main;
				INFOPLIST_KEY_UISupportedInterfaceOrientations = UIInterfaceOrientationPortrait;
				INFOPLIST_KEY_UISupportedInterfaceOrientations_iPad = "UIInterfaceOrientationPortrait UIInterfaceOrientationPortraitUpsideDown UIInterfaceOrientationLandscapeLeft UIInterfaceOrientationLandscapeRight";
				INFOPLIST_KEY_UISupportedInterfaceOrientations_iPhone = "UIInterfaceOrientationPortrait UIInterfaceOrientationLandscapeLeft UIInterfaceOrientationLandscapeRight";
				LD_RUNPATH_SEARCH_PATHS = (
					"$(inherited)",
					"@executable_path/Frameworks",
				);
				MARKETING_VERSION = 1.0;
				PRODUCT_BUNDLE_IDENTIFIER = "com.Aida.Cars-kz";
				PRODUCT_NAME = "$(TARGET_NAME)";
				SWIFT_EMIT_LOC_STRINGS = YES;
				SWIFT_VERSION = 5.0;
				TARGETED_DEVICE_FAMILY = "1,2";
			};
			name = Debug;
		};
		04CCE0CF27F46E1000C5F371 /* Release */ = {
			isa = XCBuildConfiguration;
			buildSettings = {
				ASSETCATALOG_COMPILER_APPICON_NAME = AppIcon;
				ASSETCATALOG_COMPILER_GLOBAL_ACCENT_COLOR_NAME = AccentColor;
				CODE_SIGN_STYLE = Automatic;
				CURRENT_PROJECT_VERSION = 1;
				DEVELOPMENT_TEAM = L4RH59R8VF;
				GENERATE_INFOPLIST_FILE = YES;
				INFOPLIST_FILE = "Cars kz/Info.plist";
				INFOPLIST_KEY_CFBundleDisplayName = CARS;
				INFOPLIST_KEY_UIApplicationSupportsIndirectInputEvents = YES;
				INFOPLIST_KEY_UILaunchStoryboardName = LaunchScreen;
				INFOPLIST_KEY_UIMainStoryboardFile = Main;
				INFOPLIST_KEY_UISupportedInterfaceOrientations = UIInterfaceOrientationPortrait;
				INFOPLIST_KEY_UISupportedInterfaceOrientations_iPad = "UIInterfaceOrientationPortrait UIInterfaceOrientationPortraitUpsideDown UIInterfaceOrientationLandscapeLeft UIInterfaceOrientationLandscapeRight";
				INFOPLIST_KEY_UISupportedInterfaceOrientations_iPhone = "UIInterfaceOrientationPortrait UIInterfaceOrientationLandscapeLeft UIInterfaceOrientationLandscapeRight";
				LD_RUNPATH_SEARCH_PATHS = (
					"$(inherited)",
					"@executable_path/Frameworks",
				);
				MARKETING_VERSION = 1.0;
				PRODUCT_BUNDLE_IDENTIFIER = "com.Aida.Cars-kz";
				PRODUCT_NAME = "$(TARGET_NAME)";
				SWIFT_EMIT_LOC_STRINGS = YES;
				SWIFT_VERSION = 5.0;
				TARGETED_DEVICE_FAMILY = "1,2";
			};
			name = Release;
		};
		04CCE0D127F46E1000C5F371 /* Debug */ = {
			isa = XCBuildConfiguration;
			buildSettings = {
				ALWAYS_EMBED_SWIFT_STANDARD_LIBRARIES = YES;
				BUNDLE_LOADER = "$(TEST_HOST)";
				CODE_SIGN_STYLE = Automatic;
				CURRENT_PROJECT_VERSION = 1;
				DEVELOPMENT_TEAM = N53NK75LZU;
				GENERATE_INFOPLIST_FILE = YES;
				IPHONEOS_DEPLOYMENT_TARGET = 15.2;
				MARKETING_VERSION = 1.0;
				PRODUCT_BUNDLE_IDENTIFIER = "com.Sanzhar.Cars-kzTests";
				PRODUCT_NAME = "$(TARGET_NAME)";
				SWIFT_EMIT_LOC_STRINGS = NO;
				SWIFT_VERSION = 5.0;
				TARGETED_DEVICE_FAMILY = "1,2";
				TEST_HOST = "$(BUILT_PRODUCTS_DIR)/Cars kz.app/Cars kz";
			};
			name = Debug;
		};
		04CCE0D227F46E1000C5F371 /* Release */ = {
			isa = XCBuildConfiguration;
			buildSettings = {
				ALWAYS_EMBED_SWIFT_STANDARD_LIBRARIES = YES;
				BUNDLE_LOADER = "$(TEST_HOST)";
				CODE_SIGN_STYLE = Automatic;
				CURRENT_PROJECT_VERSION = 1;
				DEVELOPMENT_TEAM = N53NK75LZU;
				GENERATE_INFOPLIST_FILE = YES;
				IPHONEOS_DEPLOYMENT_TARGET = 15.2;
				MARKETING_VERSION = 1.0;
				PRODUCT_BUNDLE_IDENTIFIER = "com.Sanzhar.Cars-kzTests";
				PRODUCT_NAME = "$(TARGET_NAME)";
				SWIFT_EMIT_LOC_STRINGS = NO;
				SWIFT_VERSION = 5.0;
				TARGETED_DEVICE_FAMILY = "1,2";
				TEST_HOST = "$(BUILT_PRODUCTS_DIR)/Cars kz.app/Cars kz";
			};
			name = Release;
		};
		04CCE0D427F46E1000C5F371 /* Debug */ = {
			isa = XCBuildConfiguration;
			buildSettings = {
				ALWAYS_EMBED_SWIFT_STANDARD_LIBRARIES = YES;
				CODE_SIGN_STYLE = Automatic;
				CURRENT_PROJECT_VERSION = 1;
				DEVELOPMENT_TEAM = N53NK75LZU;
				GENERATE_INFOPLIST_FILE = YES;
				MARKETING_VERSION = 1.0;
				PRODUCT_BUNDLE_IDENTIFIER = "com.Sanzhar.Cars-kzUITests";
				PRODUCT_NAME = "$(TARGET_NAME)";
				SWIFT_EMIT_LOC_STRINGS = NO;
				SWIFT_VERSION = 5.0;
				TARGETED_DEVICE_FAMILY = "1,2";
				TEST_TARGET_NAME = "Cars kz";
			};
			name = Debug;
		};
		04CCE0D527F46E1000C5F371 /* Release */ = {
			isa = XCBuildConfiguration;
			buildSettings = {
				ALWAYS_EMBED_SWIFT_STANDARD_LIBRARIES = YES;
				CODE_SIGN_STYLE = Automatic;
				CURRENT_PROJECT_VERSION = 1;
				DEVELOPMENT_TEAM = N53NK75LZU;
				GENERATE_INFOPLIST_FILE = YES;
				MARKETING_VERSION = 1.0;
				PRODUCT_BUNDLE_IDENTIFIER = "com.Sanzhar.Cars-kzUITests";
				PRODUCT_NAME = "$(TARGET_NAME)";
				SWIFT_EMIT_LOC_STRINGS = NO;
				SWIFT_VERSION = 5.0;
				TARGETED_DEVICE_FAMILY = "1,2";
				TEST_TARGET_NAME = "Cars kz";
			};
			name = Release;
		};
/* End XCBuildConfiguration section */

/* Begin XCConfigurationList section */
		04CCE09E27F46E0E00C5F371 /* Build configuration list for PBXProject "Cars kz" */ = {
			isa = XCConfigurationList;
			buildConfigurations = (
				04CCE0CB27F46E1000C5F371 /* Debug */,
				04CCE0CC27F46E1000C5F371 /* Release */,
			);
			defaultConfigurationIsVisible = 0;
			defaultConfigurationName = Release;
		};
		04CCE0CD27F46E1000C5F371 /* Build configuration list for PBXNativeTarget "Cars kz" */ = {
			isa = XCConfigurationList;
			buildConfigurations = (
				04CCE0CE27F46E1000C5F371 /* Debug */,
				04CCE0CF27F46E1000C5F371 /* Release */,
			);
			defaultConfigurationIsVisible = 0;
			defaultConfigurationName = Release;
		};
		04CCE0D027F46E1000C5F371 /* Build configuration list for PBXNativeTarget "Cars kzTests" */ = {
			isa = XCConfigurationList;
			buildConfigurations = (
				04CCE0D127F46E1000C5F371 /* Debug */,
				04CCE0D227F46E1000C5F371 /* Release */,
			);
			defaultConfigurationIsVisible = 0;
			defaultConfigurationName = Release;
		};
		04CCE0D327F46E1000C5F371 /* Build configuration list for PBXNativeTarget "Cars kzUITests" */ = {
			isa = XCConfigurationList;
			buildConfigurations = (
				04CCE0D427F46E1000C5F371 /* Debug */,
				04CCE0D527F46E1000C5F371 /* Release */,
			);
			defaultConfigurationIsVisible = 0;
			defaultConfigurationName = Release;
		};
/* End XCConfigurationList section */
	};
	rootObject = 04CCE09B27F46E0E00C5F371 /* Project object */;
}
